
Microsoft Visual Studio Solution File, Format Version 12.00
# Visual Studio Version 17
VisualStudioVersion = 17.7.34221.43
MinimumVisualStudioVersion = 10.0.40219.1
Project("{FAE04EC0-301F-11D3-BF4B-00C04F79EFBC}") = "Assignment16", "Assignment16\Assignment16.csproj", "{1C6AAEF7-49EB-4338-82FA-5143591761ED}"
EndProject
Global
	GlobalSection(SolutionConfigurationPlatforms) = preSolution
		Debug|Any CPU = Debug|Any CPU
		Release|Any CPU = Release|Any CPU
	EndGlobalSection
	GlobalSection(ProjectConfigurationPlatforms) = postSolution
		{1C6AAEF7-49EB-4338-82FA-5143591761ED}.Debug|Any CPU.ActiveCfg = Debug|Any CPU
		{1C6AAEF7-49EB-4338-82FA-5143591761ED}.Debug|Any CPU.Build.0 = Debug|Any CPU
		{1C6AAEF7-49EB-4338-82FA-5143591761ED}.Release|Any CPU.ActiveCfg = Release|Any CPU
		{1C6AAEF7-49EB-4338-82FA-5143591761ED}.Release|Any CPU.Build.0 = Release|Any CPU
	EndGlobalSection
	GlobalSection(SolutionProperties) = preSolution
		HideSolutionNode = FALSE
	EndGlobalSection
	GlobalSection(ExtensibilityGlobals) = postSolution
		SolutionGuid = {E2032B20-B429-4D7B-8D53-C82BD98EC320}
	EndGlobalSection
EndGlobal
